
Microsoft Visual Studio Solution File, Format Version 12.00
# Visual Studio 15
VisualStudioVersion = 15.0.27130.0
MinimumVisualStudioVersion = 10.0.40219.1
Project("{FAE04EC0-301F-11D3-BF4B-00C04F79EFBC}") = "Launchpad.Web", "Launchpad.Web\Launchpad.Web.csproj", "{EA865B69-6E2A-4D91-8293-2079E836FBE2}"
EndProject
Project("{FAE04EC0-301F-11D3-BF4B-00C04F79EFBC}") = "Launchpad.Services", "Launchpad.Services\Launchpad.Services.csproj", "{164CEE84-B560-422C-B92E-98024086EBE0}"
EndProject
Project("{FAE04EC0-301F-11D3-BF4B-00C04F79EFBC}") = "Launchpad.Models", "Launchpad.Models\Launchpad.Models.csproj", "{2F4248D9-2F3E-4513-8DB2-326EA38CD8F0}"
EndProject
Global
	GlobalSection(SolutionConfigurationPlatforms) = preSolution
		Debug|Any CPU = Debug|Any CPU
		Release|Any CPU = Release|Any CPU
	EndGlobalSection
	GlobalSection(ProjectConfigurationPlatforms) = postSolution
		{EA865B69-6E2A-4D91-8293-2079E836FBE2}.Debug|Any CPU.ActiveCfg = Debug|Any CPU
		{EA865B69-6E2A-4D91-8293-2079E836FBE2}.Debug|Any CPU.Build.0 = Debug|Any CPU
		{EA865B69-6E2A-4D91-8293-2079E836FBE2}.Release|Any CPU.ActiveCfg = Release|Any CPU
		{EA865B69-6E2A-4D91-8293-2079E836FBE2}.Release|Any CPU.Build.0 = Release|Any CPU
		{164CEE84-B560-422C-B92E-98024086EBE0}.Debug|Any CPU.ActiveCfg = Debug|Any CPU
		{164CEE84-B560-422C-B92E-98024086EBE0}.Debug|Any CPU.Build.0 = Debug|Any CPU
		{164CEE84-B560-422C-B92E-98024086EBE0}.Release|Any CPU.ActiveCfg = Release|Any CPU
		{164CEE84-B560-422C-B92E-98024086EBE0}.Release|Any CPU.Build.0 = Release|Any CPU
		{2F4248D9-2F3E-4513-8DB2-326EA38CD8F0}.Debug|Any CPU.ActiveCfg = Debug|Any CPU
		{2F4248D9-2F3E-4513-8DB2-326EA38CD8F0}.Debug|Any CPU.Build.0 = Debug|Any CPU
		{2F4248D9-2F3E-4513-8DB2-326EA38CD8F0}.Release|Any CPU.ActiveCfg = Release|Any CPU
		{2F4248D9-2F3E-4513-8DB2-326EA38CD8F0}.Release|Any CPU.Build.0 = Release|Any CPU
	EndGlobalSection
	GlobalSection(SolutionProperties) = preSolution
		HideSolutionNode = FALSE
	EndGlobalSection
	GlobalSection(ExtensibilityGlobals) = postSolution
		SolutionGuid = {24FFA243-B161-4B6F-A213-21FDF424BF7A}
	EndGlobalSection
EndGlobal
